
Microsoft Visual Studio Solution File, Format Version 12.00
# Visual Studio Version 16
VisualStudioVersion = 16.0.31605.320
MinimumVisualStudioVersion = 10.0.40219.1
Project("{9A19103F-16F7-4668-BE54-9A1E7A4F7556}") = "ScrollParatext", "ScrollParatext\ScrollParatext.csproj", "{53F53DC6-577C-438C-A0B4-7356EA4972B4}"
EndProject
Project("{FAE04EC0-301F-11D3-BF4B-00C04F79EFBC}") = "ScrollParatextWPF", "ScrollParatextWPF\ScrollParatextWPF.csproj", "{48794CFB-02D2-4BF7-87D7-34960D3DC581}"
EndProject
Project("{FAE04EC0-301F-11D3-BF4B-00C04F79EFBC}") = "ScrollParatext.Messages", "ScrollParatext.Messages\ScrollParatext.Messages.csproj", "{AFDA0536-185B-4C64-A431-0DDF35975858}"
EndProject
Project("{FAE04EC0-301F-11D3-BF4B-00C04F79EFBC}") = "ScrollParatext.SQLite", "ScrollParatext.SQLite\ScrollParatext.SQLite.csproj", "{9F1093AC-F188-42EC-9FB9-ED0C68915EDC}"
EndProject
Global
	GlobalSection(SolutionConfigurationPlatforms) = preSolution
		Debug|Any CPU = Debug|Any CPU
		Release|Any CPU = Release|Any CPU
	EndGlobalSection
	GlobalSection(ProjectConfigurationPlatforms) = postSolution
		{53F53DC6-577C-438C-A0B4-7356EA4972B4}.Debug|Any CPU.ActiveCfg = Debug|Any CPU
		{53F53DC6-577C-438C-A0B4-7356EA4972B4}.Debug|Any CPU.Build.0 = Debug|Any CPU
		{53F53DC6-577C-438C-A0B4-7356EA4972B4}.Release|Any CPU.ActiveCfg = Release|Any CPU
		{53F53DC6-577C-438C-A0B4-7356EA4972B4}.Release|Any CPU.Build.0 = Release|Any CPU
		{48794CFB-02D2-4BF7-87D7-34960D3DC581}.Debug|Any CPU.ActiveCfg = Debug|Any CPU
		{48794CFB-02D2-4BF7-87D7-34960D3DC581}.Debug|Any CPU.Build.0 = Debug|Any CPU
		{48794CFB-02D2-4BF7-87D7-34960D3DC581}.Release|Any CPU.ActiveCfg = Release|Any CPU
		{48794CFB-02D2-4BF7-87D7-34960D3DC581}.Release|Any CPU.Build.0 = Release|Any CPU
		{AFDA0536-185B-4C64-A431-0DDF35975858}.Debug|Any CPU.ActiveCfg = Debug|Any CPU
		{AFDA0536-185B-4C64-A431-0DDF35975858}.Debug|Any CPU.Build.0 = Debug|Any CPU
		{AFDA0536-185B-4C64-A431-0DDF35975858}.Release|Any CPU.ActiveCfg = Release|Any CPU
		{AFDA0536-185B-4C64-A431-0DDF35975858}.Release|Any CPU.Build.0 = Release|Any CPU
		{9F1093AC-F188-42EC-9FB9-ED0C68915EDC}.Debug|Any CPU.ActiveCfg = Debug|Any CPU
		{9F1093AC-F188-42EC-9FB9-ED0C68915EDC}.Debug|Any CPU.Build.0 = Debug|Any CPU
		{9F1093AC-F188-42EC-9FB9-ED0C68915EDC}.Release|Any CPU.ActiveCfg = Release|Any CPU
		{9F1093AC-F188-42EC-9FB9-ED0C68915EDC}.Release|Any CPU.Build.0 = Release|Any CPU
	EndGlobalSection
	GlobalSection(SolutionProperties) = preSolution
		HideSolutionNode = FALSE
	EndGlobalSection
	GlobalSection(ExtensibilityGlobals) = postSolution
		SolutionGuid = {4C78B5DC-96F0-4ADC-A580-80675BCA889D}
	EndGlobalSection
EndGlobal
